// !$*UTF8*$!
{
	archiveVersion = 1;
	classes = {
	};
	objectVersion = 46;
	objects = {

/* Begin PBXBuildFile section */
		CE055D661945597400D49C7D /* AttractionAnnotation.swift in Sources */ = {isa = PBXBuildFile; fileRef = CE055D651945597400D49C7D /* AttractionAnnotation.swift */; };
		CE065F98193FFE6B00BDE7E7 /* MapOptiionsViewController.swift in Sources */ = {isa = PBXBuildFile; fileRef = CE065F97193FFE6B00BDE7E7 /* MapOptiionsViewController.swift */; };
		CE1447B41940480C00D3E175 /* MapKit.framework in Frameworks */ = {isa = PBXBuildFile; fileRef = CE1447B31940480C00D3E175 /* MapKit.framework */; };
		CE1447B619404B3D00D3E175 /* MagicMountain.plist in Resources */ = {isa = PBXBuildFile; fileRef = CE1447B519404B3D00D3E175 /* MagicMountain.plist */; };
		CE1447B819404B4600D3E175 /* MagicMountainAttractions.plist in Resources */ = {isa = PBXBuildFile; fileRef = CE1447B719404B4600D3E175 /* MagicMountainAttractions.plist */; };
		CE5184611940E5CD00053558 /* Park.swift in Sources */ = {isa = PBXBuildFile; fileRef = CE5184601940E5CD00053558 /* Park.swift */; };
		CE531B5A1942C15B008EC7B1 /* ParkMapOverlay.swift in Sources */ = {isa = PBXBuildFile; fileRef = CE531B591942C15B008EC7B1 /* ParkMapOverlay.swift */; };
		CE531B5C1942C41E008EC7B1 /* ParkMapOverlayView.swift in Sources */ = {isa = PBXBuildFile; fileRef = CE531B5B1942C41E008EC7B1 /* ParkMapOverlayView.swift */; };
		CEB88B8A193FFE0100187E64 /* ParkMapViewController.swift in Sources */ = {isa = PBXBuildFile; fileRef = CEB88B89193FFE0100187E64 /* ParkMapViewController.swift */; };
		CEEED2CB193FFB2E00795580 /* AppDelegate.swift in Sources */ = {isa = PBXBuildFile; fileRef = CEEED2CA193FFB2E00795580 /* AppDelegate.swift */; };
		CEEED2D0193FFB2E00795580 /* Main.storyboard in Resources */ = {isa = PBXBuildFile; fileRef = CEEED2CE193FFB2E00795580 /* Main.storyboard */; };
		CEEED2D2193FFB2E00795580 /* Images.xcassets in Resources */ = {isa = PBXBuildFile; fileRef = CEEED2D1193FFB2E00795580 /* Images.xcassets */; };
		CEEED2DE193FFB2E00795580 /* MagicMountainMapOverlayTests.swift in Sources */ = {isa = PBXBuildFile; fileRef = CEEED2DD193FFB2E00795580 /* MagicMountainMapOverlayTests.swift */; };
/* End PBXBuildFile section */

/* Begin PBXContainerItemProxy section */
		CEEED2D8193FFB2E00795580 /* PBXContainerItemProxy */ = {
			isa = PBXContainerItemProxy;
			containerPortal = CEEED2BD193FFB2E00795580 /* Project object */;
			proxyType = 1;
			remoteGlobalIDString = CEEED2C4193FFB2E00795580;
			remoteInfo = MagicMountainMapOverlay;
		};
/* End PBXContainerItemProxy section */

/* Begin PBXFileReference section */
		CE055D651945597400D49C7D /* AttractionAnnotation.swift */ = {isa = PBXFileReference; fileEncoding = 4; lastKnownFileType = sourcecode.swift; path = AttractionAnnotation.swift; sourceTree = "<group>"; };
		CE065F97193FFE6B00BDE7E7 /* MapOptiionsViewController.swift */ = {isa = PBXFileReference; fileEncoding = 4; lastKnownFileType = sourcecode.swift; path = MapOptiionsViewController.swift; sourceTree = "<group>"; };
		CE1447B31940480C00D3E175 /* MapKit.framework */ = {isa = PBXFileReference; lastKnownFileType = wrapper.framework; name = MapKit.framework; path = System/Library/Frameworks/MapKit.framework; sourceTree = SDKROOT; };
		CE1447B519404B3D00D3E175 /* MagicMountain.plist */ = {isa = PBXFileReference; fileEncoding = 4; lastKnownFileType = text.plist.xml; path = MagicMountain.plist; sourceTree = "<group>"; };
		CE1447B719404B4600D3E175 /* MagicMountainAttractions.plist */ = {isa = PBXFileReference; fileEncoding = 4; lastKnownFileType = text.plist.xml; path = MagicMountainAttractions.plist; sourceTree = "<group>"; };
		CE5184601940E5CD00053558 /* Park.swift */ = {isa = PBXFileReference; fileEncoding = 4; lastKnownFileType = sourcecode.swift; path = Park.swift; sourceTree = "<group>"; };
		CE531B591942C15B008EC7B1 /* ParkMapOverlay.swift */ = {isa = PBXFileReference; fileEncoding = 4; lastKnownFileType = sourcecode.swift; path = ParkMapOverlay.swift; sourceTree = "<group>"; };
		CE531B5B1942C41E008EC7B1 /* ParkMapOverlayView.swift */ = {isa = PBXFileReference; fileEncoding = 4; lastKnownFileType = sourcecode.swift; path = ParkMapOverlayView.swift; sourceTree = "<group>"; };
		CEB88B89193FFE0100187E64 /* ParkMapViewController.swift */ = {isa = PBXFileReference; fileEncoding = 4; lastKnownFileType = sourcecode.swift; path = ParkMapViewController.swift; sourceTree = "<group>"; };
		CEEED2C5193FFB2E00795580 /* MagicMountainMapOverlay.app */ = {isa = PBXFileReference; explicitFileType = wrapper.application; includeInIndex = 0; path = MagicMountainMapOverlay.app; sourceTree = BUILT_PRODUCTS_DIR; };
		CEEED2C9193FFB2E00795580 /* Info.plist */ = {isa = PBXFileReference; lastKnownFileType = text.plist.xml; path = Info.plist; sourceTree = "<group>"; };
		CEEED2CA193FFB2E00795580 /* AppDelegate.swift */ = {isa = PBXFileReference; lastKnownFileType = sourcecode.swift; path = AppDelegate.swift; sourceTree = "<group>"; };
		CEEED2CF193FFB2E00795580 /* Base */ = {isa = PBXFileReference; lastKnownFileType = file.storyboard; name = Base; path = Base.lproj/Main.storyboard; sourceTree = "<group>"; };
		CEEED2D1193FFB2E00795580 /* Images.xcassets */ = {isa = PBXFileReference; lastKnownFileType = folder.assetcatalog; path = Images.xcassets; sourceTree = "<group>"; };
		CEEED2D7193FFB2E00795580 /* MagicMountainMapOverlayTests.xctest */ = {isa = PBXFileReference; explicitFileType = wrapper.cfbundle; includeInIndex = 0; path = MagicMountainMapOverlayTests.xctest; sourceTree = BUILT_PRODUCTS_DIR; };
		CEEED2DC193FFB2E00795580 /* Info.plist */ = {isa = PBXFileReference; lastKnownFileType = text.plist.xml; path = Info.plist; sourceTree = "<group>"; };
		CEEED2DD193FFB2E00795580 /* MagicMountainMapOverlayTests.swift */ = {isa = PBXFileReference; lastKnownFileType = sourcecode.swift; path = MagicMountainMapOverlayTests.swift; sourceTree = "<group>"; };
/* End PBXFileReference section */

/* Begin PBXFrameworksBuildPhase section */
		CEEED2C2193FFB2E00795580 /* Frameworks */ = {
			isa = PBXFrameworksBuildPhase;
			buildActionMask = 2147483647;
			files = (
				CE1447B41940480C00D3E175 /* MapKit.framework in Frameworks */,
			);
			runOnlyForDeploymentPostprocessing = 0;
		};
		CEEED2D4193FFB2E00795580 /* Frameworks */ = {
			isa = PBXFrameworksBuildPhase;
			buildActionMask = 2147483647;
			files = (
			);
			runOnlyForDeploymentPostprocessing = 0;
		};
/* End PBXFrameworksBuildPhase section */

/* Begin PBXGroup section */
		CEEED2BC193FFB2E00795580 = {
			isa = PBXGroup;
			children = (
				CE1447B31940480C00D3E175 /* MapKit.framework */,
				CEEED2C7193FFB2E00795580 /* MagicMountainMapOverlay */,
				CEEED2DA193FFB2E00795580 /* MagicMountainMapOverlayTests */,
				CEEED2C6193FFB2E00795580 /* Products */,
			);
			sourceTree = "<group>";
		};
		CEEED2C6193FFB2E00795580 /* Products */ = {
			isa = PBXGroup;
			children = (
				CEEED2C5193FFB2E00795580 /* MagicMountainMapOverlay.app */,
				CEEED2D7193FFB2E00795580 /* MagicMountainMapOverlayTests.xctest */,
			);
			name = Products;
			sourceTree = "<group>";
		};
		CEEED2C7193FFB2E00795580 /* MagicMountainMapOverlay */ = {
			isa = PBXGroup;
			children = (
				CEEED2CA193FFB2E00795580 /* AppDelegate.swift */,
				CEEED2CE193FFB2E00795580 /* Main.storyboard */,
				CE065F97193FFE6B00BDE7E7 /* MapOptiionsViewController.swift */,
				CEB88B89193FFE0100187E64 /* ParkMapViewController.swift */,
				CE5184601940E5CD00053558 /* Park.swift */,
				CE531B591942C15B008EC7B1 /* ParkMapOverlay.swift */,
				CE531B5B1942C41E008EC7B1 /* ParkMapOverlayView.swift */,
				CE055D651945597400D49C7D /* AttractionAnnotation.swift */,
				CEEED2D1193FFB2E00795580 /* Images.xcassets */,
				CEEED2C8193FFB2E00795580 /* Supporting Files */,
			);
			path = MagicMountainMapOverlay;
			sourceTree = "<group>";
		};
		CEEED2C8193FFB2E00795580 /* Supporting Files */ = {
			isa = PBXGroup;
			children = (
				CE1447B719404B4600D3E175 /* MagicMountainAttractions.plist */,
				CE1447B519404B3D00D3E175 /* MagicMountain.plist */,
				CEEED2C9193FFB2E00795580 /* Info.plist */,
			);
			name = "Supporting Files";
			sourceTree = "<group>";
		};
		CEEED2DA193FFB2E00795580 /* MagicMountainMapOverlayTests */ = {
			isa = PBXGroup;
			children = (
				CEEED2DD193FFB2E00795580 /* MagicMountainMapOverlayTests.swift */,
				CEEED2DB193FFB2E00795580 /* Supporting Files */,
			);
			path = MagicMountainMapOverlayTests;
			sourceTree = "<group>";
		};
		CEEED2DB193FFB2E00795580 /* Supporting Files */ = {
			isa = PBXGroup;
			children = (
				CEEED2DC193FFB2E00795580 /* Info.plist */,
			);
			name = "Supporting Files";
			sourceTree = "<group>";
		};
/* End PBXGroup section */

/* Begin PBXNativeTarget section */
		CEEED2C4193FFB2E00795580 /* MagicMountainMapOverlay */ = {
			isa = PBXNativeTarget;
			buildConfigurationList = CEEED2E1193FFB2E00795580 /* Build configuration list for PBXNativeTarget "MagicMountainMapOverlay" */;
			buildPhases = (
				CEEED2C1193FFB2E00795580 /* Sources */,
				CEEED2C2193FFB2E00795580 /* Frameworks */,
				CEEED2C3193FFB2E00795580 /* Resources */,
			);
			buildRules = (
			);
			dependencies = (
			);
			name = MagicMountainMapOverlay;
			productName = MagicMountainMapOverlay;
			productReference = CEEED2C5193FFB2E00795580 /* MagicMountainMapOverlay.app */;
			productType = "com.apple.product-type.application";
		};
		CEEED2D6193FFB2E00795580 /* MagicMountainMapOverlayTests */ = {
			isa = PBXNativeTarget;
			buildConfigurationList = CEEED2E4193FFB2E00795580 /* Build configuration list for PBXNativeTarget "MagicMountainMapOverlayTests" */;
			buildPhases = (
				CEEED2D3193FFB2E00795580 /* Sources */,
				CEEED2D4193FFB2E00795580 /* Frameworks */,
				CEEED2D5193FFB2E00795580 /* Resources */,
			);
			buildRules = (
			);
			dependencies = (
				CEEED2D9193FFB2E00795580 /* PBXTargetDependency */,
			);
			name = MagicMountainMapOverlayTests;
			productName = MagicMountainMapOverlayTests;
			productReference = CEEED2D7193FFB2E00795580 /* MagicMountainMapOverlayTests.xctest */;
			productType = "com.apple.product-type.bundle.unit-test";
		};
/* End PBXNativeTarget section */

/* Begin PBXProject section */
		CEEED2BD193FFB2E00795580 /* Project object */ = {
			isa = PBXProject;
			attributes = {
				LastUpgradeCheck = 0600;
				ORGANIZATIONNAME = someCompanyNameHere;
				TargetAttributes = {
					CEEED2C4193FFB2E00795580 = {
						CreatedOnToolsVersion = 6.0;
					};
					CEEED2D6193FFB2E00795580 = {
						CreatedOnToolsVersion = 6.0;
						TestTargetID = CEEED2C4193FFB2E00795580;
					};
				};
			};
			buildConfigurationList = CEEED2C0193FFB2E00795580 /* Build configuration list for PBXProject "MagicMountainMapOverlay" */;
			compatibilityVersion = "Xcode 3.2";
			developmentRegion = English;
			hasScannedForEncodings = 0;
			knownRegions = (
				en,
				Base,
			);
			mainGroup = CEEED2BC193FFB2E00795580;
			productRefGroup = CEEED2C6193FFB2E00795580 /* Products */;
			projectDirPath = "";
			projectRoot = "";
			targets = (
				CEEED2C4193FFB2E00795580 /* MagicMountainMapOverlay */,
				CEEED2D6193FFB2E00795580 /* MagicMountainMapOverlayTests */,
			);
		};
/* End PBXProject section */

/* Begin PBXResourcesBuildPhase section */
		CEEED2C3193FFB2E00795580 /* Resources */ = {
			isa = PBXResourcesBuildPhase;
			buildActionMask = 2147483647;
			files = (
				CE1447B819404B4600D3E175 /* MagicMountainAttractions.plist in Resources */,
				CEEED2D0193FFB2E00795580 /* Main.storyboard in Resources */,
				CEEED2D2193FFB2E00795580 /* Images.xcassets in Resources */,
				CE1447B619404B3D00D3E175 /* MagicMountain.plist in Resources */,
			);
			runOnlyForDeploymentPostprocessing = 0;
		};
		CEEED2D5193FFB2E00795580 /* Resources */ = {
			isa = PBXResourcesBuildPhase;
			buildActionMask = 2147483647;
			files = (
			);
			runOnlyForDeploymentPostprocessing = 0;
		};
/* End PBXResourcesBuildPhase section */

/* Begin PBXSourcesBuildPhase section */
		CEEED2C1193FFB2E00795580 /* Sources */ = {
			isa = PBXSourcesBuildPhase;
			buildActionMask = 2147483647;
			files = (
				CE055D661945597400D49C7D /* AttractionAnnotation.swift in Sources */,
				CEB88B8A193FFE0100187E64 /* ParkMapViewController.swift in Sources */,
				CEEED2CB193FFB2E00795580 /* AppDelegate.swift in Sources */,
				CE065F98193FFE6B00BDE7E7 /* MapOptiionsViewController.swift in Sources */,
				CE531B5A1942C15B008EC7B1 /* ParkMapOverlay.swift in Sources */,
				CE531B5C1942C41E008EC7B1 /* ParkMapOverlayView.swift in Sources */,
				CE5184611940E5CD00053558 /* Park.swift in Sources */,
			);
			runOnlyForDeploymentPostprocessing = 0;
		};
		CEEED2D3193FFB2E00795580 /* Sources */ = {
			isa = PBXSourcesBuildPhase;
			buildActionMask = 2147483647;
			files = (
				CEEED2DE193FFB2E00795580 /* MagicMountainMapOverlayTests.swift in Sources */,
			);
			runOnlyForDeploymentPostprocessing = 0;
		};
/* End PBXSourcesBuildPhase section */

/* Begin PBXTargetDependency section */
		CEEED2D9193FFB2E00795580 /* PBXTargetDependency */ = {
			isa = PBXTargetDependency;
			target = CEEED2C4193FFB2E00795580 /* MagicMountainMapOverlay */;
			targetProxy = CEEED2D8193FFB2E00795580 /* PBXContainerItemProxy */;
		};
/* End PBXTargetDependency section */

/* Begin PBXVariantGroup section */
		CEEED2CE193FFB2E00795580 /* Main.storyboard */ = {
			isa = PBXVariantGroup;
			children = (
				CEEED2CF193FFB2E00795580 /* Base */,
			);
			name = Main.storyboard;
			sourceTree = "<group>";
		};
/* End PBXVariantGroup section */

/* Begin XCBuildConfiguration section */
		CEEED2DF193FFB2E00795580 /* Debug */ = {
			isa = XCBuildConfiguration;
			buildSettings = {
				ALWAYS_SEARCH_USER_PATHS = NO;
				CLANG_CXX_LANGUAGE_STANDARD = "gnu++0x";
				CLANG_CXX_LIBRARY = "libc++";
				CLANG_ENABLE_MODULES = YES;
				CLANG_ENABLE_OBJC_ARC = YES;
				CLANG_WARN_BOOL_CONVERSION = YES;
				CLANG_WARN_CONSTANT_CONVERSION = YES;
				CLANG_WARN_DIRECT_OBJC_ISA_USAGE = YES_ERROR;
				CLANG_WARN_EMPTY_BODY = YES;
				CLANG_WARN_ENUM_CONVERSION = YES;
				CLANG_WARN_INT_CONVERSION = YES;
				CLANG_WARN_OBJC_ROOT_CLASS = YES_ERROR;
				CLANG_WARN_UNREACHABLE_CODE = YES;
				CLANG_WARN__DUPLICATE_METHOD_MATCH = YES;
				"CODE_SIGN_IDENTITY[sdk=iphoneos*]" = "iPhone Developer";
				COPY_PHASE_STRIP = NO;
				ENABLE_STRICT_OBJC_MSGSEND = YES;
				GCC_C_LANGUAGE_STANDARD = gnu99;
				GCC_DYNAMIC_NO_PIC = NO;
				GCC_OPTIMIZATION_LEVEL = 0;
				GCC_PREPROCESSOR_DEFINITIONS = (
					"DEBUG=1",
					"$(inherited)",
				);
				GCC_SYMBOLS_PRIVATE_EXTERN = NO;
				GCC_WARN_64_TO_32_BIT_CONVERSION = YES;
				GCC_WARN_ABOUT_RETURN_TYPE = YES_ERROR;
				GCC_WARN_UNDECLARED_SELECTOR = YES;
				GCC_WARN_UNINITIALIZED_AUTOS = YES_AGGRESSIVE;
				GCC_WARN_UNUSED_FUNCTION = YES;
				GCC_WARN_UNUSED_VARIABLE = YES;
				IPHONEOS_DEPLOYMENT_TARGET = 8.0;
				METAL_ENABLE_DEBUG_INFO = YES;
				ONLY_ACTIVE_ARCH = YES;
				SDKROOT = iphoneos;
				SWIFT_OPTIMIZATION_LEVEL = "-Onone";
			};
			name = Debug;
		};
		CEEED2E0193FFB2E00795580 /* Release */ = {
			isa = XCBuildConfiguration;
			buildSettings = {
				ALWAYS_SEARCH_USER_PATHS = NO;
				CLANG_CXX_LANGUAGE_STANDARD = "gnu++0x";
				CLANG_CXX_LIBRARY = "libc++";
				CLANG_ENABLE_MODULES = YES;
				CLANG_ENABLE_OBJC_ARC = YES;
				CLANG_WARN_BOOL_CONVERSION = YES;
				CLANG_WARN_CONSTANT_CONVERSION = YES;
				CLANG_WARN_DIRECT_OBJC_ISA_USAGE = YES_ERROR;
				CLANG_WARN_EMPTY_BODY = YES;
				CLANG_WARN_ENUM_CONVERSION = YES;
				CLANG_WARN_INT_CONVERSION = YES;
				CLANG_WARN_OBJC_ROOT_CLASS = YES_ERROR;
				CLANG_WARN_UNREACHABLE_CODE = YES;
				CLANG_WARN__DUPLICATE_METHOD_MATCH = YES;
				"CODE_SIGN_IDENTITY[sdk=iphoneos*]" = "iPhone Developer";
				COPY_PHASE_STRIP = YES;
				ENABLE_NS_ASSERTIONS = NO;
				ENABLE_STRICT_OBJC_MSGSEND = YES;
				GCC_C_LANGUAGE_STANDARD = gnu99;
				GCC_WARN_64_TO_32_BIT_CONVERSION = YES;
				GCC_WARN_ABOUT_RETURN_TYPE = YES_ERROR;
				GCC_WARN_UNDECLARED_SELECTOR = YES;
				GCC_WARN_UNINITIALIZED_AUTOS = YES_AGGRESSIVE;
				GCC_WARN_UNUSED_FUNCTION = YES;
				GCC_WARN_UNUSED_VARIABLE = YES;
				IPHONEOS_DEPLOYMENT_TARGET = 8.0;
				METAL_ENABLE_DEBUG_INFO = NO;
				SDKROOT = iphoneos;
				VALIDATE_PRODUCT = YES;
			};
			name = Release;
		};
		CEEED2E2193FFB2E00795580 /* Debug */ = {
			isa = XCBuildConfiguration;
			buildSettings = {
				ASSETCATALOG_COMPILER_APPICON_NAME = AppIcon;
				ASSETCATALOG_COMPILER_LAUNCHIMAGE_NAME = LaunchImage;
				INFOPLIST_FILE = MagicMountainMapOverlay/Info.plist;
				LD_RUNPATH_SEARCH_PATHS = "$(inherited) @executable_path/Frameworks";
				PRODUCT_NAME = "$(TARGET_NAME)";
			};
			name = Debug;
		};
		CEEED2E3193FFB2E00795580 /* Release */ = {
			isa = XCBuildConfiguration;
			buildSettings = {
				ASSETCATALOG_COMPILER_APPICON_NAME = AppIcon;
				ASSETCATALOG_COMPILER_LAUNCHIMAGE_NAME = LaunchImage;
				INFOPLIST_FILE = MagicMountainMapOverlay/Info.plist;
				LD_RUNPATH_SEARCH_PATHS = "$(inherited) @executable_path/Frameworks";
				PRODUCT_NAME = "$(TARGET_NAME)";
			};
			name = Release;
		};
		CEEED2E5193FFB2E00795580 /* Debug */ = {
			isa = XCBuildConfiguration;
			buildSettings = {
				BUNDLE_LOADER = "$(BUILT_PRODUCTS_DIR)/MagicMountainMapOverlay.app/MagicMountainMapOverlay";
				FRAMEWORK_SEARCH_PATHS = (
					"$(SDKROOT)/Developer/Library/Frameworks",
					"$(inherited)",
				);
				GCC_PREPROCESSOR_DEFINITIONS = (
					"DEBUG=1",
					"$(inherited)",
				);
				INFOPLIST_FILE = MagicMountainMapOverlayTests/Info.plist;
				LD_RUNPATH_SEARCH_PATHS = "$(inherited) @executable_path/Frameworks @loader_path/Frameworks";
				METAL_ENABLE_DEBUG_INFO = YES;
				PRODUCT_NAME = "$(TARGET_NAME)";
				TEST_HOST = "$(BUNDLE_LOADER)";
			};
			name = Debug;
		};
		CEEED2E6193FFB2E00795580 /* Release */ = {
			isa = XCBuildConfiguration;
			buildSettings = {
				BUNDLE_LOADER = "$(BUILT_PRODUCTS_DIR)/MagicMountainMapOverlay.app/MagicMountainMapOverlay";
				FRAMEWORK_SEARCH_PATHS = (
					"$(SDKROOT)/Developer/Library/Frameworks",
					"$(inherited)",
				);
				INFOPLIST_FILE = MagicMountainMapOverlayTests/Info.plist;
				LD_RUNPATH_SEARCH_PATHS = "$(inherited) @executable_path/Frameworks @loader_path/Frameworks";
				METAL_ENABLE_DEBUG_INFO = NO;
				PRODUCT_NAME = "$(TARGET_NAME)";
				TEST_HOST = "$(BUNDLE_LOADER)";
			};
			name = Release;
		};
/* End XCBuildConfiguration section */

/* Begin XCConfigurationList section */
		CEEED2C0193FFB2E00795580 /* Build configuration list for PBXProject "MagicMountainMapOverlay" */ = {
			isa = XCConfigurationList;
			buildConfigurations = (
				CEEED2DF193FFB2E00795580 /* Debug */,
				CEEED2E0193FFB2E00795580 /* Release */,
			);
			defaultConfigurationIsVisible = 0;
			defaultConfigurationName = Release;
		};
		CEEED2E1193FFB2E00795580 /* Build configuration list for PBXNativeTarget "MagicMountainMapOverlay" */ = {
			isa = XCConfigurationList;
			buildConfigurations = (
				CEEED2E2193FFB2E00795580 /* Debug */,
				CEEED2E3193FFB2E00795580 /* Release */,
			);
			defaultConfigurationIsVisible = 0;
			defaultConfigurationName = Release;
		};
		CEEED2E4193FFB2E00795580 /* Build configuration list for PBXNativeTarget "MagicMountainMapOverlayTests" */ = {
			isa = XCConfigurationList;
			buildConfigurations = (
				CEEED2E5193FFB2E00795580 /* Debug */,
				CEEED2E6193FFB2E00795580 /* Release */,
			);
			defaultConfigurationIsVisible = 0;
			defaultConfigurationName = Release;
		};
/* End XCConfigurationList section */
	};
	rootObject = CEEED2BD193FFB2E00795580 /* Project object */;
}
